// !$*UTF8*$!
{
	archiveVersion = 1;
	classes = {
	};
	objectVersion = 50;
	objects = {

/* Begin PBXBuildFile section */
		C0B6EF65262118120055F0B6 /* Onboarding.swift in Sources */ = {isa = PBXBuildFile; fileRef = C0B6EF64262118120055F0B6 /* Onboarding.swift */; };
		C0B6EF67262119220055F0B6 /* TutorialTabOne.swift in Sources */ = {isa = PBXBuildFile; fileRef = C0B6EF66262119220055F0B6 /* TutorialTabOne.swift */; };
		C0B6EF6926211C180055F0B6 /* TutorialTabFive.swift in Sources */ = {isa = PBXBuildFile; fileRef = C0B6EF6826211C180055F0B6 /* TutorialTabFive.swift */; };
		C0B6EF6B262125050055F0B6 /* TutorialTabTwo.swift in Sources */ = {isa = PBXBuildFile; fileRef = C0B6EF6A262125050055F0B6 /* TutorialTabTwo.swift */; };
		C0B6EF6D2621269A0055F0B6 /* TutorialTabThree.swift in Sources */ = {isa = PBXBuildFile; fileRef = C0B6EF6C2621269A0055F0B6 /* TutorialTabThree.swift */; };
		C0B6EF6F262128F50055F0B6 /* TutorialTabFour.swift in Sources */ = {isa = PBXBuildFile; fileRef = C0B6EF6E262128F50055F0B6 /* TutorialTabFour.swift */; };
		DF01E4D025C095240087AA67 /* WaterWandIoTApp.swift in Sources */ = {isa = PBXBuildFile; fileRef = DF01E4CF25C095240087AA67 /* WaterWandIoTApp.swift */; };
		DF01E4D225C095240087AA67 /* ContentView.swift in Sources */ = {isa = PBXBuildFile; fileRef = DF01E4D125C095240087AA67 /* ContentView.swift */; };
		DF01E4D425C095290087AA67 /* Assets.xcassets in Resources */ = {isa = PBXBuildFile; fileRef = DF01E4D325C095290087AA67 /* Assets.xcassets */; };
		DF01E4D725C095290087AA67 /* Preview Assets.xcassets in Resources */ = {isa = PBXBuildFile; fileRef = DF01E4D625C095290087AA67 /* Preview Assets.xcassets */; };
		DF01E4E725C107BE0087AA67 /* MapView.swift in Sources */ = {isa = PBXBuildFile; fileRef = DF01E4E625C107BE0087AA67 /* MapView.swift */; };
		DF5DDF12262505FA0035945E /* Light.otf in Resources */ = {isa = PBXBuildFile; fileRef = DF5DDF11262505FA0035945E /* Light.otf */; };
		DF5DDF14262507CE0035945E /* Bold.otf in Resources */ = {isa = PBXBuildFile; fileRef = DF5DDF13262507CE0035945E /* Bold.otf */; };
		DF5DDF16262508180035945E /* SemiBold.otf in Resources */ = {isa = PBXBuildFile; fileRef = DF5DDF15262508180035945E /* SemiBold.otf */; };
		DF6F2A6A26166FB500429B35 /* LogIn.swift in Sources */ = {isa = PBXBuildFile; fileRef = DF6F2A6926166FB500429B35 /* LogIn.swift */; };
		DF6F2A6C2617482B00429B35 /* AddDevice.swift in Sources */ = {isa = PBXBuildFile; fileRef = DF6F2A6B2617482B00429B35 /* AddDevice.swift */; };
		DF6F2A6E2617484F00429B35 /* DataCapture.swift in Sources */ = {isa = PBXBuildFile; fileRef = DF6F2A6D2617484F00429B35 /* DataCapture.swift */; };
		DF6F2A702617511800429B35 /* UserView.swift in Sources */ = {isa = PBXBuildFile; fileRef = DF6F2A6F2617511800429B35 /* UserView.swift */; };
		DF89CCA125D0C1AC00C2C50B /* Color.swift in Sources */ = {isa = PBXBuildFile; fileRef = DF89CCA025D0C1AC00C2C50B /* Color.swift */; };
		DF89CCA925D0D9E100C2C50B /* HomeTabView.swift in Sources */ = {isa = PBXBuildFile; fileRef = DF89CCA825D0D9E100C2C50B /* HomeTabView.swift */; };
		DF89CCAF25D0E02B00C2C50B /* MapTabView.swift in Sources */ = {isa = PBXBuildFile; fileRef = DF89CCAE25D0E02B00C2C50B /* MapTabView.swift */; };
		DF89CCB225D0EA8100C2C50B /* Mapbox.framework in Frameworks */ = {isa = PBXBuildFile; fileRef = DF89CCAA25D0DEB300C2C50B /* Mapbox.framework */; };
		DF89CCB325D0EA8100C2C50B /* Mapbox.framework in Embed Frameworks */ = {isa = PBXBuildFile; fileRef = DF89CCAA25D0DEB300C2C50B /* Mapbox.framework */; settings = {ATTRIBUTES = (CodeSignOnCopy, RemoveHeadersOnCopy, ); }; };
		DF89CCB425D0EA8200C2C50B /* MapboxMobileEvents.framework in Frameworks */ = {isa = PBXBuildFile; fileRef = DF89CCAC25D0DEC300C2C50B /* MapboxMobileEvents.framework */; };
		DF89CCB525D0EA8200C2C50B /* MapboxMobileEvents.framework in Embed Frameworks */ = {isa = PBXBuildFile; fileRef = DF89CCAC25D0DEC300C2C50B /* MapboxMobileEvents.framework */; settings = {ATTRIBUTES = (CodeSignOnCopy, RemoveHeadersOnCopy, ); }; };
		DF90819E25F0906100665F69 /* Parser.swift in Sources */ = {isa = PBXBuildFile; fileRef = DF90819D25F0906100665F69 /* Parser.swift */; };
		DF9081A425F0908500665F69 /* Device.swift in Sources */ = {isa = PBXBuildFile; fileRef = DF9081A325F0908500665F69 /* Device.swift */; };
		DF9081A625F090DB00665F69 /* DummyData.json in Resources */ = {isa = PBXBuildFile; fileRef = DF9081A525F090DB00665F69 /* DummyData.json */; };
		DF9E6926260911EF00B7C152 /* ViewInfoView.swift in Sources */ = {isa = PBXBuildFile; fileRef = DF9E6925260911EF00B7C152 /* ViewInfoView.swift */; };
/* End PBXBuildFile section */

/* Begin PBXCopyFilesBuildPhase section */
		DF01E4F825C12AA90087AA67 /* Embed Frameworks */ = {
			isa = PBXCopyFilesBuildPhase;
			buildActionMask = 2147483647;
			dstPath = "";
			dstSubfolderSpec = 10;
			files = (
				DF89CCB525D0EA8200C2C50B /* MapboxMobileEvents.framework in Embed Frameworks */,
				DF89CCB325D0EA8100C2C50B /* Mapbox.framework in Embed Frameworks */,
			);
			name = "Embed Frameworks";
			runOnlyForDeploymentPostprocessing = 0;
		};
/* End PBXCopyFilesBuildPhase section */

/* Begin PBXFileReference section */
		C0B6EF64262118120055F0B6 /* Onboarding.swift */ = {isa = PBXFileReference; lastKnownFileType = sourcecode.swift; path = Onboarding.swift; sourceTree = "<group>"; };
		C0B6EF66262119220055F0B6 /* TutorialTabOne.swift */ = {isa = PBXFileReference; lastKnownFileType = sourcecode.swift; path = TutorialTabOne.swift; sourceTree = "<group>"; };
		C0B6EF6826211C180055F0B6 /* TutorialTabFive.swift */ = {isa = PBXFileReference; lastKnownFileType = sourcecode.swift; path = TutorialTabFive.swift; sourceTree = "<group>"; };
		C0B6EF6A262125050055F0B6 /* TutorialTabTwo.swift */ = {isa = PBXFileReference; lastKnownFileType = sourcecode.swift; path = TutorialTabTwo.swift; sourceTree = "<group>"; };
		C0B6EF6C2621269A0055F0B6 /* TutorialTabThree.swift */ = {isa = PBXFileReference; lastKnownFileType = sourcecode.swift; path = TutorialTabThree.swift; sourceTree = "<group>"; };
		C0B6EF6E262128F50055F0B6 /* TutorialTabFour.swift */ = {isa = PBXFileReference; lastKnownFileType = sourcecode.swift; path = TutorialTabFour.swift; sourceTree = "<group>"; };
		DF01E4CC25C095240087AA67 /* WaterWandIoT.app */ = {isa = PBXFileReference; explicitFileType = wrapper.application; includeInIndex = 0; path = WaterWandIoT.app; sourceTree = BUILT_PRODUCTS_DIR; };
		DF01E4CF25C095240087AA67 /* WaterWandIoTApp.swift */ = {isa = PBXFileReference; lastKnownFileType = sourcecode.swift; path = WaterWandIoTApp.swift; sourceTree = "<group>"; };
		DF01E4D125C095240087AA67 /* ContentView.swift */ = {isa = PBXFileReference; lastKnownFileType = sourcecode.swift; path = ContentView.swift; sourceTree = "<group>"; };
		DF01E4D325C095290087AA67 /* Assets.xcassets */ = {isa = PBXFileReference; lastKnownFileType = folder.assetcatalog; path = Assets.xcassets; sourceTree = "<group>"; };
		DF01E4D625C095290087AA67 /* Preview Assets.xcassets */ = {isa = PBXFileReference; lastKnownFileType = folder.assetcatalog; path = "Preview Assets.xcassets"; sourceTree = "<group>"; };
		DF01E4D825C095290087AA67 /* Info.plist */ = {isa = PBXFileReference; lastKnownFileType = text.plist.xml; path = Info.plist; sourceTree = "<group>"; };
		DF01E4E625C107BE0087AA67 /* MapView.swift */ = {isa = PBXFileReference; lastKnownFileType = sourcecode.swift; path = MapView.swift; sourceTree = "<group>"; };
		DF5DDF11262505FA0035945E /* Light.otf */ = {isa = PBXFileReference; lastKnownFileType = file; path = Light.otf; sourceTree = "<group>"; };
		DF5DDF13262507CE0035945E /* Bold.otf */ = {isa = PBXFileReference; lastKnownFileType = file; path = Bold.otf; sourceTree = "<group>"; };
		DF5DDF15262508180035945E /* SemiBold.otf */ = {isa = PBXFileReference; lastKnownFileType = file; path = SemiBold.otf; sourceTree = "<group>"; };
		DF6F2A6926166FB500429B35 /* LogIn.swift */ = {isa = PBXFileReference; lastKnownFileType = sourcecode.swift; path = LogIn.swift; sourceTree = "<group>"; };
		DF6F2A6B2617482B00429B35 /* AddDevice.swift */ = {isa = PBXFileReference; lastKnownFileType = sourcecode.swift; path = AddDevice.swift; sourceTree = "<group>"; };
		DF6F2A6D2617484F00429B35 /* DataCapture.swift */ = {isa = PBXFileReference; lastKnownFileType = sourcecode.swift; path = DataCapture.swift; sourceTree = "<group>"; };
		DF6F2A6F2617511800429B35 /* UserView.swift */ = {isa = PBXFileReference; lastKnownFileType = sourcecode.swift; path = UserView.swift; sourceTree = "<group>"; };
		DF89CCA025D0C1AC00C2C50B /* Color.swift */ = {isa = PBXFileReference; lastKnownFileType = sourcecode.swift; path = Color.swift; sourceTree = "<group>"; };
		DF89CCA825D0D9E100C2C50B /* HomeTabView.swift */ = {isa = PBXFileReference; lastKnownFileType = sourcecode.swift; path = HomeTabView.swift; sourceTree = "<group>"; };
		DF89CCAA25D0DEB300C2C50B /* Mapbox.framework */ = {isa = PBXFileReference; lastKnownFileType = wrapper.framework; path = Mapbox.framework; sourceTree = "<group>"; };
		DF89CCAC25D0DEC300C2C50B /* MapboxMobileEvents.framework */ = {isa = PBXFileReference; lastKnownFileType = wrapper.framework; path = MapboxMobileEvents.framework; sourceTree = "<group>"; };
		DF89CCAE25D0E02B00C2C50B /* MapTabView.swift */ = {isa = PBXFileReference; lastKnownFileType = sourcecode.swift; path = MapTabView.swift; sourceTree = "<group>"; };
		DF90819D25F0906100665F69 /* Parser.swift */ = {isa = PBXFileReference; fileEncoding = 4; lastKnownFileType = sourcecode.swift; path = Parser.swift; sourceTree = "<group>"; };
		DF9081A325F0908500665F69 /* Device.swift */ = {isa = PBXFileReference; fileEncoding = 4; lastKnownFileType = sourcecode.swift; path = Device.swift; sourceTree = "<group>"; };
		DF9081A525F090DB00665F69 /* DummyData.json */ = {isa = PBXFileReference; lastKnownFileType = text.json; path = DummyData.json; sourceTree = "<group>"; };
		DF9E6925260911EF00B7C152 /* ViewInfoView.swift */ = {isa = PBXFileReference; lastKnownFileType = sourcecode.swift; path = ViewInfoView.swift; sourceTree = "<group>"; };
/* End PBXFileReference section */

/* Begin PBXFrameworksBuildPhase section */
		DF01E4C925C095240087AA67 /* Frameworks */ = {
			isa = PBXFrameworksBuildPhase;
			buildActionMask = 2147483647;
			files = (
				DF89CCB425D0EA8200C2C50B /* MapboxMobileEvents.framework in Frameworks */,
				DF89CCB225D0EA8100C2C50B /* Mapbox.framework in Frameworks */,
			);
			runOnlyForDeploymentPostprocessing = 0;
		};
/* End PBXFrameworksBuildPhase section */

/* Begin PBXGroup section */
		4736E0D6D61157DB63AC68C9 /* Frameworks */ = {
			isa = PBXGroup;
			children = (
				DF89CCAA25D0DEB300C2C50B /* Mapbox.framework */,
				DF89CCAC25D0DEC300C2C50B /* MapboxMobileEvents.framework */,
			);
			name = Frameworks;
			sourceTree = "<group>";
		};
		DF01E4C325C095240087AA67 = {
			isa = PBXGroup;
			children = (
				DF01E4CE25C095240087AA67 /* WaterWandIoT */,
				DF01E4CD25C095240087AA67 /* Products */,
				4736E0D6D61157DB63AC68C9 /* Frameworks */,
			);
			sourceTree = "<group>";
		};
		DF01E4CD25C095240087AA67 /* Products */ = {
			isa = PBXGroup;
			children = (
				DF01E4CC25C095240087AA67 /* WaterWandIoT.app */,
			);
			name = Products;
			sourceTree = "<group>";
		};
		DF01E4CE25C095240087AA67 /* WaterWandIoT */ = {
			isa = PBXGroup;
			children = (
				DF01E4CF25C095240087AA67 /* WaterWandIoTApp.swift */,
				DF5DDF0A2624FE9B0035945E /* Fonts */,
				DF89CCB725D0EB4200C2C50B /* GlueCode */,
				DF89CCB625D0EB1300C2C50B /* Views */,
				DF01E4D325C095290087AA67 /* Assets.xcassets */,
				DF01E4D825C095290087AA67 /* Info.plist */,
				DF01E4D525C095290087AA67 /* Preview Content */,
			);
			path = WaterWandIoT;
			sourceTree = "<group>";
		};
		DF01E4D525C095290087AA67 /* Preview Content */ = {
			isa = PBXGroup;
			children = (
				DF01E4D625C095290087AA67 /* Preview Assets.xcassets */,
			);
			path = "Preview Content";
			sourceTree = "<group>";
		};
		DF5DDF0A2624FE9B0035945E /* Fonts */ = {
			isa = PBXGroup;
			children = (
				DF5DDF11262505FA0035945E /* Light.otf */,
				DF5DDF15262508180035945E /* SemiBold.otf */,
				DF5DDF13262507CE0035945E /* Bold.otf */,
			);
			path = Fonts;
			sourceTree = "<group>";
		};
		DF89CCB625D0EB1300C2C50B /* Views */ = {
			isa = PBXGroup;
			children = (
				DF01E4D125C095240087AA67 /* ContentView.swift */,
				DF89CCA825D0D9E100C2C50B /* HomeTabView.swift */,
				DF89CCAE25D0E02B00C2C50B /* MapTabView.swift */,
				DF6F2A6F2617511800429B35 /* UserView.swift */,
				DF6F2A6926166FB500429B35 /* LogIn.swift */,
				DF9E6925260911EF00B7C152 /* ViewInfoView.swift */,
				C0B6EF64262118120055F0B6 /* Onboarding.swift */,
				C0B6EF66262119220055F0B6 /* TutorialTabOne.swift */,
				C0B6EF6A262125050055F0B6 /* TutorialTabTwo.swift */,
				C0B6EF6C2621269A0055F0B6 /* TutorialTabThree.swift */,
				C0B6EF6E262128F50055F0B6 /* TutorialTabFour.swift */,
				C0B6EF6826211C180055F0B6 /* TutorialTabFive.swift */,
				DF6F2A6B2617482B00429B35 /* AddDevice.swift */,
				DF6F2A6D2617484F00429B35 /* DataCapture.swift */,
			);
			path = Views;
			sourceTree = "<group>";
		};
		DF89CCB725D0EB4200C2C50B /* GlueCode */ = {
			isa = PBXGroup;
			children = (
				DF01E4E625C107BE0087AA67 /* MapView.swift */,
				DF89CCA025D0C1AC00C2C50B /* Color.swift */,
				DF90819D25F0906100665F69 /* Parser.swift */,
				DF9081A325F0908500665F69 /* Device.swift */,
				DF9081A525F090DB00665F69 /* DummyData.json */,
			);
			path = GlueCode;
			sourceTree = "<group>";
		};
/* End PBXGroup section */

/* Begin PBXNativeTarget section */
		DF01E4CB25C095240087AA67 /* WaterWandIoT */ = {
			isa = PBXNativeTarget;
			buildConfigurationList = DF01E4DB25C095290087AA67 /* Build configuration list for PBXNativeTarget "WaterWandIoT" */;
			buildPhases = (
				DF01E4C825C095240087AA67 /* Sources */,
				DF01E4C925C095240087AA67 /* Frameworks */,
				DF01E4CA25C095240087AA67 /* Resources */,
				DF01E4F825C12AA90087AA67 /* Embed Frameworks */,
			);
			buildRules = (
			);
			dependencies = (
			);
			name = WaterWandIoT;
			productName = WaterWandIoT;
			productReference = DF01E4CC25C095240087AA67 /* WaterWandIoT.app */;
			productType = "com.apple.product-type.application";
		};
/* End PBXNativeTarget section */

/* Begin PBXProject section */
		DF01E4C425C095240087AA67 /* Project object */ = {
			isa = PBXProject;
			attributes = {
				LastSwiftUpdateCheck = 1210;
				LastUpgradeCheck = 1210;
				TargetAttributes = {
					DF01E4CB25C095240087AA67 = {
						CreatedOnToolsVersion = 12.1;
					};
				};
			};
			buildConfigurationList = DF01E4C725C095240087AA67 /* Build configuration list for PBXProject "WaterWandIoT" */;
			compatibilityVersion = "Xcode 9.3";
			developmentRegion = en;
			hasScannedForEncodings = 0;
			knownRegions = (
				en,
				Base,
			);
			mainGroup = DF01E4C325C095240087AA67;
			productRefGroup = DF01E4CD25C095240087AA67 /* Products */;
			projectDirPath = "";
			projectRoot = "";
			targets = (
				DF01E4CB25C095240087AA67 /* WaterWandIoT */,
			);
		};
/* End PBXProject section */

/* Begin PBXResourcesBuildPhase section */
		DF01E4CA25C095240087AA67 /* Resources */ = {
			isa = PBXResourcesBuildPhase;
			buildActionMask = 2147483647;
			files = (
				DF5DDF12262505FA0035945E /* Light.otf in Resources */,
				DF5DDF14262507CE0035945E /* Bold.otf in Resources */,
				DF9081A625F090DB00665F69 /* DummyData.json in Resources */,
				DF01E4D725C095290087AA67 /* Preview Assets.xcassets in Resources */,
				DF5DDF16262508180035945E /* SemiBold.otf in Resources */,
				DF01E4D425C095290087AA67 /* Assets.xcassets in Resources */,
			);
			runOnlyForDeploymentPostprocessing = 0;
		};
/* End PBXResourcesBuildPhase section */

/* Begin PBXSourcesBuildPhase section */
		DF01E4C825C095240087AA67 /* Sources */ = {
			isa = PBXSourcesBuildPhase;
			buildActionMask = 2147483647;
			files = (
				DF01E4D225C095240087AA67 /* ContentView.swift in Sources */,
				C0B6EF6D2621269A0055F0B6 /* TutorialTabThree.swift in Sources */,
				DF6F2A6E2617484F00429B35 /* DataCapture.swift in Sources */,
				DF6F2A6A26166FB500429B35 /* LogIn.swift in Sources */,
				DF89CCAF25D0E02B00C2C50B /* MapTabView.swift in Sources */,
				DF89CCA125D0C1AC00C2C50B /* Color.swift in Sources */,
				C0B6EF6B262125050055F0B6 /* TutorialTabTwo.swift in Sources */,
				C0B6EF6926211C180055F0B6 /* TutorialTabFive.swift in Sources */,
				C0B6EF6F262128F50055F0B6 /* TutorialTabFour.swift in Sources */,
				C0B6EF67262119220055F0B6 /* TutorialTabOne.swift in Sources */,
				DF90819E25F0906100665F69 /* Parser.swift in Sources */,
				C0B6EF65262118120055F0B6 /* Onboarding.swift in Sources */,
				DF89CCA925D0D9E100C2C50B /* HomeTabView.swift in Sources */,
				DF01E4E725C107BE0087AA67 /* MapView.swift in Sources */,
				DF9E6926260911EF00B7C152 /* ViewInfoView.swift in Sources */,
				DF01E4D025C095240087AA67 /* WaterWandIoTApp.swift in Sources */,
				DF9081A425F0908500665F69 /* Device.swift in Sources */,
				DF6F2A6C2617482B00429B35 /* AddDevice.swift in Sources */,
				DF6F2A702617511800429B35 /* UserView.swift in Sources */,
			);
			runOnlyForDeploymentPostprocessing = 0;
		};
/* End PBXSourcesBuildPhase section */

/* Begin XCBuildConfiguration section */
		DF01E4D925C095290087AA67 /* Debug */ = {
			isa = XCBuildConfiguration;
			buildSettings = {
				ALWAYS_SEARCH_USER_PATHS = NO;
				CLANG_ANALYZER_NONNULL = YES;
				CLANG_ANALYZER_NUMBER_OBJECT_CONVERSION = YES_AGGRESSIVE;
				CLANG_CXX_LANGUAGE_STANDARD = "gnu++14";
				CLANG_CXX_LIBRARY = "libc++";
				CLANG_ENABLE_MODULES = YES;
				CLANG_ENABLE_OBJC_ARC = YES;
				CLANG_ENABLE_OBJC_WEAK = YES;
				CLANG_WARN_BLOCK_CAPTURE_AUTORELEASING = YES;
				CLANG_WARN_BOOL_CONVERSION = YES;
				CLANG_WARN_COMMA = YES;
				CLANG_WARN_CONSTANT_CONVERSION = YES;
				CLANG_WARN_DEPRECATED_OBJC_IMPLEMENTATIONS = YES;
				CLANG_WARN_DIRECT_OBJC_ISA_USAGE = YES_ERROR;
				CLANG_WARN_DOCUMENTATION_COMMENTS = YES;
				CLANG_WARN_EMPTY_BODY = YES;
				CLANG_WARN_ENUM_CONVERSION = YES;
				CLANG_WARN_INFINITE_RECURSION = YES;
				CLANG_WARN_INT_CONVERSION = YES;
				CLANG_WARN_NON_LITERAL_NULL_CONVERSION = YES;
				CLANG_WARN_OBJC_IMPLICIT_RETAIN_SELF = YES;
				CLANG_WARN_OBJC_LITERAL_CONVERSION = YES;
				CLANG_WARN_OBJC_ROOT_CLASS = YES_ERROR;
				CLANG_WARN_QUOTED_INCLUDE_IN_FRAMEWORK_HEADER = YES;
				CLANG_WARN_RANGE_LOOP_ANALYSIS = YES;
				CLANG_WARN_STRICT_PROTOTYPES = YES;
				CLANG_WARN_SUSPICIOUS_MOVE = YES;
				CLANG_WARN_UNGUARDED_AVAILABILITY = YES_AGGRESSIVE;
				CLANG_WARN_UNREACHABLE_CODE = YES;
				CLANG_WARN__DUPLICATE_METHOD_MATCH = YES;
				COPY_PHASE_STRIP = NO;
				DEBUG_INFORMATION_FORMAT = dwarf;
				ENABLE_STRICT_OBJC_MSGSEND = YES;
				ENABLE_TESTABILITY = YES;
				GCC_C_LANGUAGE_STANDARD = gnu11;
				GCC_DYNAMIC_NO_PIC = NO;
				GCC_NO_COMMON_BLOCKS = YES;
				GCC_OPTIMIZATION_LEVEL = 0;
				GCC_PREPROCESSOR_DEFINITIONS = (
					"DEBUG=1",
					"$(inherited)",
				);
				GCC_WARN_64_TO_32_BIT_CONVERSION = YES;
				GCC_WARN_ABOUT_RETURN_TYPE = YES_ERROR;
				GCC_WARN_UNDECLARED_SELECTOR = YES;
				GCC_WARN_UNINITIALIZED_AUTOS = YES_AGGRESSIVE;
				GCC_WARN_UNUSED_FUNCTION = YES;
				GCC_WARN_UNUSED_VARIABLE = YES;
				IPHONEOS_DEPLOYMENT_TARGET = 14.1;
				MTL_ENABLE_DEBUG_INFO = INCLUDE_SOURCE;
				MTL_FAST_MATH = YES;
				ONLY_ACTIVE_ARCH = YES;
				SDKROOT = iphoneos;
				SWIFT_ACTIVE_COMPILATION_CONDITIONS = DEBUG;
				SWIFT_OPTIMIZATION_LEVEL = "-Onone";
			};
			name = Debug;
		};
		DF01E4DA25C095290087AA67 /* Release */ = {
			isa = XCBuildConfiguration;
			buildSettings = {
				ALWAYS_SEARCH_USER_PATHS = NO;
				CLANG_ANALYZER_NONNULL = YES;
				CLANG_ANALYZER_NUMBER_OBJECT_CONVERSION = YES_AGGRESSIVE;
				CLANG_CXX_LANGUAGE_STANDARD = "gnu++14";
				CLANG_CXX_LIBRARY = "libc++";
				CLANG_ENABLE_MODULES = YES;
				CLANG_ENABLE_OBJC_ARC = YES;
				CLANG_ENABLE_OBJC_WEAK = YES;
				CLANG_WARN_BLOCK_CAPTURE_AUTORELEASING = YES;
				CLANG_WARN_BOOL_CONVERSION = YES;
				CLANG_WARN_COMMA = YES;
				CLANG_WARN_CONSTANT_CONVERSION = YES;
				CLANG_WARN_DEPRECATED_OBJC_IMPLEMENTATIONS = YES;
				CLANG_WARN_DIRECT_OBJC_ISA_USAGE = YES_ERROR;
				CLANG_WARN_DOCUMENTATION_COMMENTS = YES;
				CLANG_WARN_EMPTY_BODY = YES;
				CLANG_WARN_ENUM_CONVERSION = YES;
				CLANG_WARN_INFINITE_RECURSION = YES;
				CLANG_WARN_INT_CONVERSION = YES;
				CLANG_WARN_NON_LITERAL_NULL_CONVERSION = YES;
				CLANG_WARN_OBJC_IMPLICIT_RETAIN_SELF = YES;
				CLANG_WARN_OBJC_LITERAL_CONVERSION = YES;
				CLANG_WARN_OBJC_ROOT_CLASS = YES_ERROR;
				CLANG_WARN_QUOTED_INCLUDE_IN_FRAMEWORK_HEADER = YES;
				CLANG_WARN_RANGE_LOOP_ANALYSIS = YES;
				CLANG_WARN_STRICT_PROTOTYPES = YES;
				CLANG_WARN_SUSPICIOUS_MOVE = YES;
				CLANG_WARN_UNGUARDED_AVAILABILITY = YES_AGGRESSIVE;
				CLANG_WARN_UNREACHABLE_CODE = YES;
				CLANG_WARN__DUPLICATE_METHOD_MATCH = YES;
				COPY_PHASE_STRIP = NO;
				DEBUG_INFORMATION_FORMAT = "dwarf-with-dsym";
				ENABLE_NS_ASSERTIONS = NO;
				ENABLE_STRICT_OBJC_MSGSEND = YES;
				GCC_C_LANGUAGE_STANDARD = gnu11;
				GCC_NO_COMMON_BLOCKS = YES;
				GCC_WARN_64_TO_32_BIT_CONVERSION = YES;
				GCC_WARN_ABOUT_RETURN_TYPE = YES_ERROR;
				GCC_WARN_UNDECLARED_SELECTOR = YES;
				GCC_WARN_UNINITIALIZED_AUTOS = YES_AGGRESSIVE;
				GCC_WARN_UNUSED_FUNCTION = YES;
				GCC_WARN_UNUSED_VARIABLE = YES;
				IPHONEOS_DEPLOYMENT_TARGET = 14.1;
				MTL_ENABLE_DEBUG_INFO = NO;
				MTL_FAST_MATH = YES;
				SDKROOT = iphoneos;
				SWIFT_COMPILATION_MODE = wholemodule;
				SWIFT_OPTIMIZATION_LEVEL = "-O";
				VALIDATE_PRODUCT = YES;
			};
			name = Release;
		};
		DF01E4DC25C095290087AA67 /* Debug */ = {
			isa = XCBuildConfiguration;
			buildSettings = {
				ASSETCATALOG_COMPILER_APPICON_NAME = AppIcon;
				ASSETCATALOG_COMPILER_GLOBAL_ACCENT_COLOR_NAME = AccentColor;
				CODE_SIGN_STYLE = Automatic;
				DEVELOPMENT_ASSET_PATHS = "\"WaterWandIoT/Preview Content\"";
				DEVELOPMENT_TEAM = "";
				ENABLE_PREVIEWS = YES;
				FRAMEWORK_SEARCH_PATHS = (
					"$(inherited)",
					"$(PROJECT_DIR)",
					"$(PROJECT_DIR)/Frameworks",
				);
				INFOPLIST_FILE = WaterWandIoT/Info.plist;
				IPHONEOS_DEPLOYMENT_TARGET = 14.0;
				LD_RUNPATH_SEARCH_PATHS = (
					"$(inherited)",
					"@executable_path/Frameworks",
				);
				PRODUCT_BUNDLE_IDENTIFIER = fiu.WaterWandIoT;
				PRODUCT_NAME = "$(TARGET_NAME)";
				PROVISIONING_PROFILE_SPECIFIER = "";
				SWIFT_VERSION = 5.0;
				TARGETED_DEVICE_FAMILY = "1,2";
				VALIDATE_WORKSPACE = YES;
			};
			name = Debug;
		};
		DF01E4DD25C095290087AA67 /* Release */ = {
			isa = XCBuildConfiguration;
			buildSettings = {
				ASSETCATALOG_COMPILER_APPICON_NAME = AppIcon;
				ASSETCATALOG_COMPILER_GLOBAL_ACCENT_COLOR_NAME = AccentColor;
				CODE_SIGN_STYLE = Automatic;
				DEVELOPMENT_ASSET_PATHS = "\"WaterWandIoT/Preview Content\"";
				DEVELOPMENT_TEAM = "";
				ENABLE_PREVIEWS = YES;
				FRAMEWORK_SEARCH_PATHS = (
					"$(inherited)",
					"$(PROJECT_DIR)",
					"$(PROJECT_DIR)/Frameworks",
				);
				INFOPLIST_FILE = WaterWandIoT/Info.plist;
				IPHONEOS_DEPLOYMENT_TARGET = 14.0;
				LD_RUNPATH_SEARCH_PATHS = (
					"$(inherited)",
					"@executable_path/Frameworks",
				);
				PRODUCT_BUNDLE_IDENTIFIER = fiu.WaterWandIoT;
				PRODUCT_NAME = "$(TARGET_NAME)";
				PROVISIONING_PROFILE_SPECIFIER = "";
				SWIFT_VERSION = 5.0;
				TARGETED_DEVICE_FAMILY = "1,2";
				VALIDATE_WORKSPACE = YES;
			};
			name = Release;
		};
/* End XCBuildConfiguration section */

/* Begin XCConfigurationList section */
		DF01E4C725C095240087AA67 /* Build configuration list for PBXProject "WaterWandIoT" */ = {
			isa = XCConfigurationList;
			buildConfigurations = (
				DF01E4D925C095290087AA67 /* Debug */,
				DF01E4DA25C095290087AA67 /* Release */,
			);
			defaultConfigurationIsVisible = 0;
			defaultConfigurationName = Release;
		};
		DF01E4DB25C095290087AA67 /* Build configuration list for PBXNativeTarget "WaterWandIoT" */ = {
			isa = XCConfigurationList;
			buildConfigurations = (
				DF01E4DC25C095290087AA67 /* Debug */,
				DF01E4DD25C095290087AA67 /* Release */,
			);
			defaultConfigurationIsVisible = 0;
			defaultConfigurationName = Release;
		};
/* End XCConfigurationList section */
	};
	rootObject = DF01E4C425C095240087AA67 /* Project object */;
}
